// !$*UTF8*$!
{
	archiveVersion = 1;
	classes = {
	};
	objectVersion = 52;
	objects = {

/* Begin PBXBuildFile section */
		3171179327B285F600A581C5 /* Tivio.framework in Frameworks */ = {isa = PBXBuildFile; fileRef = 3171179127B285F400A581C5 /* Tivio.framework */; platformFilter = ios; };
		3171179427B285F600A581C5 /* Tivio.framework in Embed Frameworks */ = {isa = PBXBuildFile; fileRef = 3171179127B285F400A581C5 /* Tivio.framework */; platformFilter = ios; settings = {ATTRIBUTES = (CodeSignOnCopy, RemoveHeadersOnCopy, ); }; };
		31C3705D27A0A9C600C8F5D7 /* sdk_ios_exampleApp.swift in Sources */ = {isa = PBXBuildFile; fileRef = 31C3705C27A0A9C600C8F5D7 /* sdk_ios_exampleApp.swift */; };
		31C3705F27A0A9C600C8F5D7 /* ContentView.swift in Sources */ = {isa = PBXBuildFile; fileRef = 31C3705E27A0A9C600C8F5D7 /* ContentView.swift */; };
		31C3706127A0A9C700C8F5D7 /* Assets.xcassets in Resources */ = {isa = PBXBuildFile; fileRef = 31C3706027A0A9C700C8F5D7 /* Assets.xcassets */; };
		31C3706427A0A9C700C8F5D7 /* Preview Assets.xcassets in Resources */ = {isa = PBXBuildFile; fileRef = 31C3706327A0A9C700C8F5D7 /* Preview Assets.xcassets */; };
		31C3707227A0B3D500C8F5D7 /* PlayerView.swift in Sources */ = {isa = PBXBuildFile; fileRef = 31C3707027A0B3D500C8F5D7 /* PlayerView.swift */; };
		31C3707327A0B3D500C8F5D7 /* PlayerController.swift in Sources */ = {isa = PBXBuildFile; fileRef = 31C3707127A0B3D500C8F5D7 /* PlayerController.swift */; };
/* End PBXBuildFile section */

/* Begin PBXCopyFilesBuildPhase section */
		3171179527B285F600A581C5 /* Embed Frameworks */ = {
			isa = PBXCopyFilesBuildPhase;
			buildActionMask = 2147483647;
			dstPath = "";
			dstSubfolderSpec = 10;
			files = (
				3171179427B285F600A581C5 /* Tivio.framework in Embed Frameworks */,
			);
			name = "Embed Frameworks";
			runOnlyForDeploymentPostprocessing = 0;
		};
/* End PBXCopyFilesBuildPhase section */

/* Begin PBXFileReference section */
		3171178B27B2852500A581C5 /* OpenSSL.framework */ = {isa = PBXFileReference; lastKnownFileType = wrapper.framework; name = OpenSSL.framework; path = "Carthage/Checkouts/sdk-ios/Carthage/Build/iOS/Tivio.framework/Frameworks/OpenSSL.framework"; sourceTree = "<group>"; };
		3171178C27B2852500A581C5 /* double-conversion.framework */ = {isa = PBXFileReference; lastKnownFileType = wrapper.framework; name = "double-conversion.framework"; path = "Carthage/Checkouts/sdk-ios/Carthage/Build/iOS/Tivio.framework/Frameworks/double-conversion.framework"; sourceTree = "<group>"; };
		3171179127B285F400A581C5 /* Tivio.framework */ = {isa = PBXFileReference; lastKnownFileType = wrapper.framework; path = Tivio.framework; sourceTree = "<group>"; };
		31C3705927A0A9C600C8F5D7 /* sdk-ios-example.app */ = {isa = PBXFileReference; explicitFileType = wrapper.application; includeInIndex = 0; path = "sdk-ios-example.app"; sourceTree = BUILT_PRODUCTS_DIR; };
		31C3705C27A0A9C600C8F5D7 /* sdk_ios_exampleApp.swift */ = {isa = PBXFileReference; lastKnownFileType = sourcecode.swift; path = sdk_ios_exampleApp.swift; sourceTree = "<group>"; };
		31C3705E27A0A9C600C8F5D7 /* ContentView.swift */ = {isa = PBXFileReference; lastKnownFileType = sourcecode.swift; path = ContentView.swift; sourceTree = "<group>"; };
		31C3706027A0A9C700C8F5D7 /* Assets.xcassets */ = {isa = PBXFileReference; lastKnownFileType = folder.assetcatalog; path = Assets.xcassets; sourceTree = "<group>"; };
		31C3706327A0A9C700C8F5D7 /* Preview Assets.xcassets */ = {isa = PBXFileReference; lastKnownFileType = folder.assetcatalog; path = "Preview Assets.xcassets"; sourceTree = "<group>"; };
		31C3706527A0A9C700C8F5D7 /* Info.plist */ = {isa = PBXFileReference; lastKnownFileType = text.plist.xml; path = Info.plist; sourceTree = "<group>"; };
		31C3707027A0B3D500C8F5D7 /* PlayerView.swift */ = {isa = PBXFileReference; fileEncoding = 4; lastKnownFileType = sourcecode.swift; path = PlayerView.swift; sourceTree = SOURCE_ROOT; };
		31C3707127A0B3D500C8F5D7 /* PlayerController.swift */ = {isa = PBXFileReference; fileEncoding = 4; lastKnownFileType = sourcecode.swift; path = PlayerController.swift; sourceTree = SOURCE_ROOT; };
/* End PBXFileReference section */

/* Begin PBXFrameworksBuildPhase section */
		31C3705627A0A9C600C8F5D7 /* Frameworks */ = {
			isa = PBXFrameworksBuildPhase;
			buildActionMask = 2147483647;
			files = (
				3171179327B285F600A581C5 /* Tivio.framework in Frameworks */,
			);
			runOnlyForDeploymentPostprocessing = 0;
		};
/* End PBXFrameworksBuildPhase section */

/* Begin PBXGroup section */
		3171178A27B2852500A581C5 /* Frameworks */ = {
			isa = PBXGroup;
			children = (
				3171178C27B2852500A581C5 /* double-conversion.framework */,
				3171178B27B2852500A581C5 /* OpenSSL.framework */,
			);
			name = Frameworks;
			sourceTree = "<group>";
		};
		31C3705027A0A9C600C8F5D7 = {
			isa = PBXGroup;
			children = (
				3171179127B285F400A581C5 /* Tivio.framework */,
				31C3705B27A0A9C600C8F5D7 /* sdk-ios-example */,
				31C3705A27A0A9C600C8F5D7 /* Products */,
				3171178A27B2852500A581C5 /* Frameworks */,
			);
			sourceTree = "<group>";
		};
		31C3705A27A0A9C600C8F5D7 /* Products */ = {
			isa = PBXGroup;
			children = (
				31C3705927A0A9C600C8F5D7 /* sdk-ios-example.app */,
			);
			name = Products;
			sourceTree = "<group>";
		};
		31C3705B27A0A9C600C8F5D7 /* sdk-ios-example */ = {
			isa = PBXGroup;
			children = (
				31C3705C27A0A9C600C8F5D7 /* sdk_ios_exampleApp.swift */,
				31C3705E27A0A9C600C8F5D7 /* ContentView.swift */,
				31C3707127A0B3D500C8F5D7 /* PlayerController.swift */,
				31C3707027A0B3D500C8F5D7 /* PlayerView.swift */,
				31C3706027A0A9C700C8F5D7 /* Assets.xcassets */,
				31C3706527A0A9C700C8F5D7 /* Info.plist */,
				31C3706227A0A9C700C8F5D7 /* Preview Content */,
			);
			path = "sdk-ios-example";
			sourceTree = "<group>";
		};
		31C3706227A0A9C700C8F5D7 /* Preview Content */ = {
			isa = PBXGroup;
			children = (
				31C3706327A0A9C700C8F5D7 /* Preview Assets.xcassets */,
			);
			path = "Preview Content";
			sourceTree = "<group>";
		};
/* End PBXGroup section */

/* Begin PBXNativeTarget section */
		31C3705827A0A9C600C8F5D7 /* sdk-ios-example */ = {
			isa = PBXNativeTarget;
			buildConfigurationList = 31C3706827A0A9C700C8F5D7 /* Build configuration list for PBXNativeTarget "sdk-ios-example" */;
			buildPhases = (
				31C3705527A0A9C600C8F5D7 /* Sources */,
				31C3705627A0A9C600C8F5D7 /* Frameworks */,
				31C3705727A0A9C600C8F5D7 /* Resources */,
				3171179527B285F600A581C5 /* Embed Frameworks */,
			);
			buildRules = (
			);
			dependencies = (
			);
			name = "sdk-ios-example";
			productName = "sdk-ios-example";
			productReference = 31C3705927A0A9C600C8F5D7 /* sdk-ios-example.app */;
			productType = "com.apple.product-type.application";
		};
/* End PBXNativeTarget section */

/* Begin PBXProject section */
		31C3705127A0A9C600C8F5D7 /* Project object */ = {
			isa = PBXProject;
			attributes = {
				LastSwiftUpdateCheck = 1250;
				LastUpgradeCheck = 1250;
				TargetAttributes = {
					31C3705827A0A9C600C8F5D7 = {
						CreatedOnToolsVersion = 12.5;
					};
				};
			};
			buildConfigurationList = 31C3705427A0A9C600C8F5D7 /* Build configuration list for PBXProject "sdk-ios-example" */;
			compatibilityVersion = "Xcode 9.3";
			developmentRegion = en;
			hasScannedForEncodings = 0;
			knownRegions = (
				en,
				Base,
			);
			mainGroup = 31C3705027A0A9C600C8F5D7;
			productRefGroup = 31C3705A27A0A9C600C8F5D7 /* Products */;
			projectDirPath = "";
			projectRoot = "";
			targets = (
				31C3705827A0A9C600C8F5D7 /* sdk-ios-example */,
			);
		};
/* End PBXProject section */

/* Begin PBXResourcesBuildPhase section */
		31C3705727A0A9C600C8F5D7 /* Resources */ = {
			isa = PBXResourcesBuildPhase;
			buildActionMask = 2147483647;
			files = (
				31C3706427A0A9C700C8F5D7 /* Preview Assets.xcassets in Resources */,
				31C3706127A0A9C700C8F5D7 /* Assets.xcassets in Resources */,
			);
			runOnlyForDeploymentPostprocessing = 0;
		};
/* End PBXResourcesBuildPhase section */

/* Begin PBXSourcesBuildPhase section */
		31C3705527A0A9C600C8F5D7 /* Sources */ = {
			isa = PBXSourcesBuildPhase;
			buildActionMask = 2147483647;
			files = (
				31C3707227A0B3D500C8F5D7 /* PlayerView.swift in Sources */,
				31C3705F27A0A9C600C8F5D7 /* ContentView.swift in Sources */,
				31C3707327A0B3D500C8F5D7 /* PlayerController.swift in Sources */,
				31C3705D27A0A9C600C8F5D7 /* sdk_ios_exampleApp.swift in Sources */,
			);
			runOnlyForDeploymentPostprocessing = 0;
		};
/* End PBXSourcesBuildPhase section */

/* Begin XCBuildConfiguration section */
		31C3706627A0A9C700C8F5D7 /* Debug */ = {
			isa = XCBuildConfiguration;
			buildSettings = {
				ALWAYS_SEARCH_USER_PATHS = NO;
				CLANG_ANALYZER_NONNULL = YES;
				CLANG_ANALYZER_NUMBER_OBJECT_CONVERSION = YES_AGGRESSIVE;
				CLANG_CXX_LANGUAGE_STANDARD = "gnu++14";
				CLANG_CXX_LIBRARY = "libc++";
				CLANG_ENABLE_MODULES = YES;
				CLANG_ENABLE_OBJC_ARC = YES;
				CLANG_ENABLE_OBJC_WEAK = YES;
				CLANG_WARN_BLOCK_CAPTURE_AUTORELEASING = YES;
				CLANG_WARN_BOOL_CONVERSION = YES;
				CLANG_WARN_COMMA = YES;
				CLANG_WARN_CONSTANT_CONVERSION = YES;
				CLANG_WARN_DEPRECATED_OBJC_IMPLEMENTATIONS = YES;
				CLANG_WARN_DIRECT_OBJC_ISA_USAGE = YES_ERROR;
				CLANG_WARN_DOCUMENTATION_COMMENTS = YES;
				CLANG_WARN_EMPTY_BODY = YES;
				CLANG_WARN_ENUM_CONVERSION = YES;
				CLANG_WARN_INFINITE_RECURSION = YES;
				CLANG_WARN_INT_CONVERSION = YES;
				CLANG_WARN_NON_LITERAL_NULL_CONVERSION = YES;
				CLANG_WARN_OBJC_IMPLICIT_RETAIN_SELF = YES;
				CLANG_WARN_OBJC_LITERAL_CONVERSION = YES;
				CLANG_WARN_OBJC_ROOT_CLASS = YES_ERROR;
				CLANG_WARN_QUOTED_INCLUDE_IN_FRAMEWORK_HEADER = YES;
				CLANG_WARN_RANGE_LOOP_ANALYSIS = YES;
				CLANG_WARN_STRICT_PROTOTYPES = YES;
				CLANG_WARN_SUSPICIOUS_MOVE = YES;
				CLANG_WARN_UNGUARDED_AVAILABILITY = YES_AGGRESSIVE;
				CLANG_WARN_UNREACHABLE_CODE = YES;
				CLANG_WARN__DUPLICATE_METHOD_MATCH = YES;
				COPY_PHASE_STRIP = NO;
				DEBUG_INFORMATION_FORMAT = dwarf;
				ENABLE_STRICT_OBJC_MSGSEND = YES;
				ENABLE_TESTABILITY = YES;
				GCC_C_LANGUAGE_STANDARD = gnu11;
				GCC_DYNAMIC_NO_PIC = NO;
				GCC_NO_COMMON_BLOCKS = YES;
				GCC_OPTIMIZATION_LEVEL = 0;
				GCC_PREPROCESSOR_DEFINITIONS = (
					"DEBUG=1",
					"$(inherited)",
				);
				GCC_WARN_64_TO_32_BIT_CONVERSION = YES;
				GCC_WARN_ABOUT_RETURN_TYPE = YES_ERROR;
				GCC_WARN_UNDECLARED_SELECTOR = YES;
				GCC_WARN_UNINITIALIZED_AUTOS = YES_AGGRESSIVE;
				GCC_WARN_UNUSED_FUNCTION = YES;
				GCC_WARN_UNUSED_VARIABLE = YES;
				IPHONEOS_DEPLOYMENT_TARGET = 14.5;
				MTL_ENABLE_DEBUG_INFO = INCLUDE_SOURCE;
				MTL_FAST_MATH = YES;
				ONLY_ACTIVE_ARCH = YES;
				SDKROOT = iphoneos;
				SWIFT_ACTIVE_COMPILATION_CONDITIONS = DEBUG;
				SWIFT_OPTIMIZATION_LEVEL = "-Onone";
			};
			name = Debug;
		};
		31C3706727A0A9C700C8F5D7 /* Release */ = {
			isa = XCBuildConfiguration;
			buildSettings = {
				ALWAYS_SEARCH_USER_PATHS = NO;
				CLANG_ANALYZER_NONNULL = YES;
				CLANG_ANALYZER_NUMBER_OBJECT_CONVERSION = YES_AGGRESSIVE;
				CLANG_CXX_LANGUAGE_STANDARD = "gnu++14";
				CLANG_CXX_LIBRARY = "libc++";
				CLANG_ENABLE_MODULES = YES;
				CLANG_ENABLE_OBJC_ARC = YES;
				CLANG_ENABLE_OBJC_WEAK = YES;
				CLANG_WARN_BLOCK_CAPTURE_AUTORELEASING = YES;
				CLANG_WARN_BOOL_CONVERSION = YES;
				CLANG_WARN_COMMA = YES;
				CLANG_WARN_CONSTANT_CONVERSION = YES;
				CLANG_WARN_DEPRECATED_OBJC_IMPLEMENTATIONS = YES;
				CLANG_WARN_DIRECT_OBJC_ISA_USAGE = YES_ERROR;
				CLANG_WARN_DOCUMENTATION_COMMENTS = YES;
				CLANG_WARN_EMPTY_BODY = YES;
				CLANG_WARN_ENUM_CONVERSION = YES;
				CLANG_WARN_INFINITE_RECURSION = YES;
				CLANG_WARN_INT_CONVERSION = YES;
				CLANG_WARN_NON_LITERAL_NULL_CONVERSION = YES;
				CLANG_WARN_OBJC_IMPLICIT_RETAIN_SELF = YES;
				CLANG_WARN_OBJC_LITERAL_CONVERSION = YES;
				CLANG_WARN_OBJC_ROOT_CLASS = YES_ERROR;
				CLANG_WARN_QUOTED_INCLUDE_IN_FRAMEWORK_HEADER = YES;
				CLANG_WARN_RANGE_LOOP_ANALYSIS = YES;
				CLANG_WARN_STRICT_PROTOTYPES = YES;
				CLANG_WARN_SUSPICIOUS_MOVE = YES;
				CLANG_WARN_UNGUARDED_AVAILABILITY = YES_AGGRESSIVE;
				CLANG_WARN_UNREACHABLE_CODE = YES;
				CLANG_WARN__DUPLICATE_METHOD_MATCH = YES;
				COPY_PHASE_STRIP = NO;
				DEBUG_INFORMATION_FORMAT = "dwarf-with-dsym";
				ENABLE_NS_ASSERTIONS = NO;
				ENABLE_STRICT_OBJC_MSGSEND = YES;
				GCC_C_LANGUAGE_STANDARD = gnu11;
				GCC_NO_COMMON_BLOCKS = YES;
				GCC_WARN_64_TO_32_BIT_CONVERSION = YES;
				GCC_WARN_ABOUT_RETURN_TYPE = YES_ERROR;
				GCC_WARN_UNDECLARED_SELECTOR = YES;
				GCC_WARN_UNINITIALIZED_AUTOS = YES_AGGRESSIVE;
				GCC_WARN_UNUSED_FUNCTION = YES;
				GCC_WARN_UNUSED_VARIABLE = YES;
				IPHONEOS_DEPLOYMENT_TARGET = 14.5;
				MTL_ENABLE_DEBUG_INFO = NO;
				MTL_FAST_MATH = YES;
				SDKROOT = iphoneos;
				SWIFT_COMPILATION_MODE = wholemodule;
				SWIFT_OPTIMIZATION_LEVEL = "-O";
				VALIDATE_PRODUCT = YES;
			};
			name = Release;
		};
		31C3706927A0A9C700C8F5D7 /* Debug */ = {
			isa = XCBuildConfiguration;
			buildSettings = {
				ASSETCATALOG_COMPILER_APPICON_NAME = AppIcon;
				ASSETCATALOG_COMPILER_GLOBAL_ACCENT_COLOR_NAME = AccentColor;
				CODE_SIGN_STYLE = Automatic;
				DEVELOPMENT_ASSET_PATHS = "\"sdk-ios-example/Preview Content\"";
				DEVELOPMENT_TEAM = D68SCG4882;
				ENABLE_PREVIEWS = YES;
				FRAMEWORK_SEARCH_PATHS = (
					"$(inherited)",
					"$(PROJECT_DIR)",
					"$(PROJECT_DIR)/Carthage/Checkouts/sdk-ios/Build/iOS",
					"$(PROJECT_DIR)/Carthage/Checkouts/sdk-ios/Carthage/Build/iOS",
					"$(PROJECT_DIR)/Carthage/Checkouts/sdk-ios/Carthage/Build/iOS/Tivio.framework/Frameworks",
				);
				INFOPLIST_FILE = "sdk-ios-example/Info.plist";
				IPHONEOS_DEPLOYMENT_TARGET = 14.0;
				LD_RUNPATH_SEARCH_PATHS = (
					"$(inherited)",
					"@executable_path/Frameworks",
				);
				PRODUCT_BUNDLE_IDENTIFIER = "tivio.ios.sdk-ios-example";
				PRODUCT_NAME = "$(TARGET_NAME)";
				SWIFT_VERSION = 5.0;
				TARGETED_DEVICE_FAMILY = "1,2";
			};
			name = Debug;
		};
		31C3706A27A0A9C700C8F5D7 /* Release */ = {
			isa = XCBuildConfiguration;
			buildSettings = {
				ASSETCATALOG_COMPILER_APPICON_NAME = AppIcon;
				ASSETCATALOG_COMPILER_GLOBAL_ACCENT_COLOR_NAME = AccentColor;
				CODE_SIGN_STYLE = Automatic;
				DEVELOPMENT_ASSET_PATHS = "\"sdk-ios-example/Preview Content\"";
				DEVELOPMENT_TEAM = D68SCG4882;
				ENABLE_PREVIEWS = YES;
				FRAMEWORK_SEARCH_PATHS = (
					"$(inherited)",
					"$(PROJECT_DIR)",
					"$(PROJECT_DIR)/Carthage/Checkouts/sdk-ios/Build/iOS",
					"$(PROJECT_DIR)/Carthage/Checkouts/sdk-ios/Carthage/Build/iOS",
					"$(PROJECT_DIR)/Carthage/Checkouts/sdk-ios/Carthage/Build/iOS/Tivio.framework/Frameworks",
				);
				INFOPLIST_FILE = "sdk-ios-example/Info.plist";
				IPHONEOS_DEPLOYMENT_TARGET = 14.0;
				LD_RUNPATH_SEARCH_PATHS = (
					"$(inherited)",
					"@executable_path/Frameworks",
				);
				PRODUCT_BUNDLE_IDENTIFIER = "tivio.ios.sdk-ios-example";
				PRODUCT_NAME = "$(TARGET_NAME)";
				SWIFT_VERSION = 5.0;
				TARGETED_DEVICE_FAMILY = "1,2";
			};
			name = Release;
		};
/* End XCBuildConfiguration section */

/* Begin XCConfigurationList section */
		31C3705427A0A9C600C8F5D7 /* Build configuration list for PBXProject "sdk-ios-example" */ = {
			isa = XCConfigurationList;
			buildConfigurations = (
				31C3706627A0A9C700C8F5D7 /* Debug */,
				31C3706727A0A9C700C8F5D7 /* Release */,
			);
			defaultConfigurationIsVisible = 0;
			defaultConfigurationName = Release;
		};
		31C3706827A0A9C700C8F5D7 /* Build configuration list for PBXNativeTarget "sdk-ios-example" */ = {
			isa = XCConfigurationList;
			buildConfigurations = (
				31C3706927A0A9C700C8F5D7 /* Debug */,
				31C3706A27A0A9C700C8F5D7 /* Release */,
			);
			defaultConfigurationIsVisible = 0;
			defaultConfigurationName = Release;
		};
/* End XCConfigurationList section */
	};
	rootObject = 31C3705127A0A9C600C8F5D7 /* Project object */;
}
